
Microsoft Visual Studio Solution File, Format Version 12.00
# Visual Studio Version 17
VisualStudioVersion = 17.14.36429.23 d17.14
MinimumVisualStudioVersion = 10.0.40219.1
Project("{FAE04EC0-301F-11D3-BF4B-00C04F79EFBC}") = "ShoppingListApp", "ShoppingListApp\ShoppingListApp.csproj", "{4ED387FC-7496-46E3-B971-0C169F3300E2}"
EndProject
Global
	GlobalSection(SolutionConfigurationPlatforms) = preSolution
		Debug|Any CPU = Debug|Any CPU
		Release|Any CPU = Release|Any CPU
	EndGlobalSection
	GlobalSection(ProjectConfigurationPlatforms) = postSolution
		{4ED387FC-7496-46E3-B971-0C169F3300E2}.Debug|Any CPU.ActiveCfg = Debug|Any CPU
		{4ED387FC-7496-46E3-B971-0C169F3300E2}.Debug|Any CPU.Build.0 = Debug|Any CPU
		{4ED387FC-7496-46E3-B971-0C169F3300E2}.Release|Any CPU.ActiveCfg = Release|Any CPU
		{4ED387FC-7496-46E3-B971-0C169F3300E2}.Release|Any CPU.Build.0 = Release|Any CPU
	EndGlobalSection
	GlobalSection(SolutionProperties) = preSolution
		HideSolutionNode = FALSE
	EndGlobalSection
	GlobalSection(ExtensibilityGlobals) = postSolution
		SolutionGuid = {E388DC8D-3F22-45E7-A10A-C01E6ED08F8B}
	EndGlobalSection
EndGlobal
